
Microsoft Visual Studio Solution File, Format Version 12.00
# Visual Studio Version 17
VisualStudioVersion = 17.0.31903.59
MinimumVisualStudioVersion = 10.0.40219.1
Project("{2150E333-8FDC-42A3-9474-1A3956D46DE8}") = "Src", "Src", "{E42B85DE-1798-4891-A0D4-B4D52EE06009}"
EndProject
Project("{FAE04EC0-301F-11D3-BF4B-00C04F79EFBC}") = "MyBackendTemplate.API", "Src\API\MyBackendTemplate.API.csproj", "{C945FE68-09C1-4906-ABD7-B41C5AB810E6}"
EndProject
Project("{FAE04EC0-301F-11D3-BF4B-00C04F79EFBC}") = "MyBackendTemplate.Application", "Src\Application\MyBackendTemplate.Application.csproj", "{2B5CA2DF-CD90-4428-9EBB-0C2C23BD8C28}"
EndProject
Project("{FAE04EC0-301F-11D3-BF4B-00C04F79EFBC}") = "MyBackendTemplate.Domain", "Src\Domain\MyBackendTemplate.Domain.csproj", "{02B087F2-1A8F-426A-94EE-42A7E93A16B6}"
EndProject
Project("{FAE04EC0-301F-11D3-BF4B-00C04F79EFBC}") = "MyBackendTemplate.Infrastructure", "Src\Infrastructure\MyBackendTemplate.Infrastructure.csproj", "{1B849D2A-4D46-43B4-8EFE-43D53F55C4F0}"
EndProject
Global
	GlobalSection(SolutionConfigurationPlatforms) = preSolution
		Debug|Any CPU = Debug|Any CPU
		Release|Any CPU = Release|Any CPU
	EndGlobalSection
	GlobalSection(SolutionProperties) = preSolution
		HideSolutionNode = FALSE
	EndGlobalSection
	GlobalSection(ProjectConfigurationPlatforms) = postSolution
		{C945FE68-09C1-4906-ABD7-B41C5AB810E6}.Debug|Any CPU.ActiveCfg = Debug|Any CPU
		{C945FE68-09C1-4906-ABD7-B41C5AB810E6}.Debug|Any CPU.Build.0 = Debug|Any CPU
		{C945FE68-09C1-4906-ABD7-B41C5AB810E6}.Release|Any CPU.ActiveCfg = Release|Any CPU
		{C945FE68-09C1-4906-ABD7-B41C5AB810E6}.Release|Any CPU.Build.0 = Release|Any CPU
		{2B5CA2DF-CD90-4428-9EBB-0C2C23BD8C28}.Debug|Any CPU.ActiveCfg = Debug|Any CPU
		{2B5CA2DF-CD90-4428-9EBB-0C2C23BD8C28}.Debug|Any CPU.Build.0 = Debug|Any CPU
		{2B5CA2DF-CD90-4428-9EBB-0C2C23BD8C28}.Release|Any CPU.ActiveCfg = Release|Any CPU
		{2B5CA2DF-CD90-4428-9EBB-0C2C23BD8C28}.Release|Any CPU.Build.0 = Release|Any CPU
		{02B087F2-1A8F-426A-94EE-42A7E93A16B6}.Debug|Any CPU.ActiveCfg = Debug|Any CPU
		{02B087F2-1A8F-426A-94EE-42A7E93A16B6}.Debug|Any CPU.Build.0 = Debug|Any CPU
		{02B087F2-1A8F-426A-94EE-42A7E93A16B6}.Release|Any CPU.ActiveCfg = Release|Any CPU
		{02B087F2-1A8F-426A-94EE-42A7E93A16B6}.Release|Any CPU.Build.0 = Release|Any CPU
		{1B849D2A-4D46-43B4-8EFE-43D53F55C4F0}.Debug|Any CPU.ActiveCfg = Debug|Any CPU
		{1B849D2A-4D46-43B4-8EFE-43D53F55C4F0}.Debug|Any CPU.Build.0 = Debug|Any CPU
		{1B849D2A-4D46-43B4-8EFE-43D53F55C4F0}.Release|Any CPU.ActiveCfg = Release|Any CPU
		{1B849D2A-4D46-43B4-8EFE-43D53F55C4F0}.Release|Any CPU.Build.0 = Release|Any CPU
	EndGlobalSection
	GlobalSection(NestedProjects) = preSolution
		{C945FE68-09C1-4906-ABD7-B41C5AB810E6} = {E42B85DE-1798-4891-A0D4-B4D52EE06009}
		{2B5CA2DF-CD90-4428-9EBB-0C2C23BD8C28} = {E42B85DE-1798-4891-A0D4-B4D52EE06009}
		{02B087F2-1A8F-426A-94EE-42A7E93A16B6} = {E42B85DE-1798-4891-A0D4-B4D52EE06009}
		{1B849D2A-4D46-43B4-8EFE-43D53F55C4F0} = {E42B85DE-1798-4891-A0D4-B4D52EE06009}
	EndGlobalSection
EndGlobal
